# This file was autogenerated by Stack.
# You should not edit this file by hand.
# For more information, please see the documentation at:
#   https://docs.haskellstack.org/en/stable/lock_files

packages:
- completed:
    hackage: hindent-5.2.7@sha256:a0a90f7cc160eeba3816e53f310e16942e68d9a09fe092d9835ea6bbbcd2cd91,3412
    pantry-tree:
      size: 962
      sha256: 95eb3407186dbe6ca032a8e3fac9e98a177f444f016f3b25cbe7ee4a45d6f385
  original:
    hackage: hindent-5.2.7
snapshots:
- completed:
    size: 496697
    url: https://raw.githubusercontent.com/commercialhaskell/stackage-snapshots/master/lts/13/9.yaml
    sha256: 3846ba7d13dd1b2679426dc3f450332a3b8a181063b0f3fc2d0c7d55db2e9c24
  original: lts-13.9
