# This file was autogenerated by Stack.
# You should not edit this file by hand.
# For more information, please see the documentation at:
#   https://docs.haskellstack.org/en/stable/lock_files

packages:
- completed:
    hackage: hindent-5.3.2@sha256:070a3622d13e6f0c44d8d189df8f780f61d0b813435a902925ef6d9386b42260,3610
    pantry-tree:
      size: 1027
      sha256: 36f9c65bbe71c49741c20839606494dacd70c04e0e70649f1da0978aeaf5f77a
  original:
    hackage: hindent-5.3.2
- completed:
    hackage: stylish-haskell-0.12.0.0@sha256:211408633a162da6ebc716ac5cdd17fc29eb437467085651885a9e0541d0d228,6012
    pantry-tree:
      size: 3724
      sha256: 39da543c90a73c9ad95e0374abc47b11c71a39e9635afc61fd21b97295b889b0
  original:
    hackage: stylish-haskell-0.12.0.0
snapshots:
- completed:
    size: 563099
    url: https://raw.githubusercontent.com/commercialhaskell/stackage-snapshots/master/lts/17/2.yaml
    sha256: 92b1a17e31d0a978fca4bf270305d4d1dd8092271bf60eafbc9349c890854026
  original: lts-17.2
